
Microsoft Visual Studio Solution File, Format Version 12.00
# Visual Studio 15
VisualStudioVersion = 15.0.26730.8
MinimumVisualStudioVersion = 10.0.40219.1
Project("{FAE04EC0-301F-11D3-BF4B-00C04F79EFBC}") = "FirstApp.Android", "FirstApp\FirstApp.Android\FirstApp.Android.csproj", "{0B0D3A72-25CB-4649-A74D-A5DA983E8294}"
EndProject
Project("{FAE04EC0-301F-11D3-BF4B-00C04F79EFBC}") = "FirstApp.UWP", "FirstApp\FirstApp.UWP\FirstApp.UWP.csproj", "{E3C29B89-9067-4C98-82CD-08FCC62835C9}"
EndProject
Project("{FAE04EC0-301F-11D3-BF4B-00C04F79EFBC}") = "FirstApp.iOS", "FirstApp\FirstApp.iOS\FirstApp.iOS.csproj", "{86567AA4-D5A2-4264-86C8-0A3166FBE988}"
EndProject
Project("{FAE04EC0-301F-11D3-BF4B-00C04F79EFBC}") = "FirstApp", "Mango\FirstApp.csproj", "{8A69FC97-657A-4B47-9C06-FAC0D7ECBF9D}"
EndProject
Global
	GlobalSection(SolutionConfigurationPlatforms) = preSolution
		Ad-Hoc|Any CPU = Ad-Hoc|Any CPU
		Ad-Hoc|ARM = Ad-Hoc|ARM
		Ad-Hoc|iPhone = Ad-Hoc|iPhone
		Ad-Hoc|iPhoneSimulator = Ad-Hoc|iPhoneSimulator
		Ad-Hoc|x64 = Ad-Hoc|x64
		Ad-Hoc|x86 = Ad-Hoc|x86
		AppStore|Any CPU = AppStore|Any CPU
		AppStore|ARM = AppStore|ARM
		AppStore|iPhone = AppStore|iPhone
		AppStore|iPhoneSimulator = AppStore|iPhoneSimulator
		AppStore|x64 = AppStore|x64
		AppStore|x86 = AppStore|x86
		Debug|Any CPU = Debug|Any CPU
		Debug|ARM = Debug|ARM
		Debug|iPhone = Debug|iPhone
		Debug|iPhoneSimulator = Debug|iPhoneSimulator
		Debug|x64 = Debug|x64
		Debug|x86 = Debug|x86
		Release|Any CPU = Release|Any CPU
		Release|ARM = Release|ARM
		Release|iPhone = Release|iPhone
		Release|iPhoneSimulator = Release|iPhoneSimulator
		Release|x64 = Release|x64
		Release|x86 = Release|x86
	EndGlobalSection
	GlobalSection(ProjectConfigurationPlatforms) = postSolution
		{0B0D3A72-25CB-4649-A74D-A5DA983E8294}.Ad-Hoc|Any CPU.ActiveCfg = Release|Any CPU
		{0B0D3A72-25CB-4649-A74D-A5DA983E8294}.Ad-Hoc|Any CPU.Build.0 = Release|Any CPU
		{0B0D3A72-25CB-4649-A74D-A5DA983E8294}.Ad-Hoc|Any CPU.Deploy.0 = Release|Any CPU
		{0B0D3A72-25CB-4649-A74D-A5DA983E8294}.Ad-Hoc|ARM.ActiveCfg = Release|Any CPU
		{0B0D3A72-25CB-4649-A74D-A5DA983E8294}.Ad-Hoc|ARM.Build.0 = Release|Any CPU
		{0B0D3A72-25CB-4649-A74D-A5DA983E8294}.Ad-Hoc|ARM.Deploy.0 = Release|Any CPU
		{0B0D3A72-25CB-4649-A74D-A5DA983E8294}.Ad-Hoc|iPhone.ActiveCfg = Release|Any CPU
		{0B0D3A72-25CB-4649-A74D-A5DA983E8294}.Ad-Hoc|iPhone.Build.0 = Release|Any CPU
		{0B0D3A72-25CB-4649-A74D-A5DA983E8294}.Ad-Hoc|iPhone.Deploy.0 = Release|Any CPU
		{0B0D3A72-25CB-4649-A74D-A5DA983E8294}.Ad-Hoc|iPhoneSimulator.ActiveCfg = Release|Any CPU
		{0B0D3A72-25CB-4649-A74D-A5DA983E8294}.Ad-Hoc|iPhoneSimulator.Build.0 = Release|Any CPU
		{0B0D3A72-25CB-4649-A74D-A5DA983E8294}.Ad-Hoc|iPhoneSimulator.Deploy.0 = Release|Any CPU
		{0B0D3A72-25CB-4649-A74D-A5DA983E8294}.Ad-Hoc|x64.ActiveCfg = Release|Any CPU
		{0B0D3A72-25CB-4649-A74D-A5DA983E8294}.Ad-Hoc|x64.Build.0 = Release|Any CPU
		{0B0D3A72-25CB-4649-A74D-A5DA983E8294}.Ad-Hoc|x64.Deploy.0 = Release|Any CPU
		{0B0D3A72-25CB-4649-A74D-A5DA983E8294}.Ad-Hoc|x86.ActiveCfg = Release|Any CPU
		{0B0D3A72-25CB-4649-A74D-A5DA983E8294}.Ad-Hoc|x86.Build.0 = Release|Any CPU
		{0B0D3A72-25CB-4649-A74D-A5DA983E8294}.Ad-Hoc|x86.Deploy.0 = Release|Any CPU
		{0B0D3A72-25CB-4649-A74D-A5DA983E8294}.AppStore|Any CPU.ActiveCfg = Release|Any CPU
		{0B0D3A72-25CB-4649-A74D-A5DA983E8294}.AppStore|Any CPU.Build.0 = Release|Any CPU
		{0B0D3A72-25CB-4649-A74D-A5DA983E8294}.AppStore|Any CPU.Deploy.0 = Release|Any CPU
		{0B0D3A72-25CB-4649-A74D-A5DA983E8294}.AppStore|ARM.ActiveCfg = Release|Any CPU
		{0B0D3A72-25CB-4649-A74D-A5DA983E8294}.AppStore|ARM.Build.0 = Release|Any CPU
		{0B0D3A72-25CB-4649-A74D-A5DA983E8294}.AppStore|ARM.Deploy.0 = Release|Any CPU
		{0B0D3A72-25CB-4649-A74D-A5DA983E8294}.AppStore|iPhone.ActiveCfg = Release|Any CPU
		{0B0D3A72-25CB-4649-A74D-A5DA983E8294}.AppStore|iPhone.Build.0 = Release|Any CPU
		{0B0D3A72-25CB-4649-A74D-A5DA983E8294}.AppStore|iPhone.Deploy.0 = Release|Any CPU
		{0B0D3A72-25CB-4649-A74D-A5DA983E8294}.AppStore|iPhoneSimulator.ActiveCfg = Release|Any CPU
		{0B0D3A72-25CB-4649-A74D-A5DA983E8294}.AppStore|iPhoneSimulator.Build.0 = Release|Any CPU
		{0B0D3A72-25CB-4649-A74D-A5DA983E8294}.AppStore|iPhoneSimulator.Deploy.0 = Release|Any CPU
		{0B0D3A72-25CB-4649-A74D-A5DA983E8294}.AppStore|x64.ActiveCfg = Release|Any CPU
		{0B0D3A72-25CB-4649-A74D-A5DA983E8294}.AppStore|x64.Build.0 = Release|Any CPU
		{0B0D3A72-25CB-4649-A74D-A5DA983E8294}.AppStore|x64.Deploy.0 = Release|Any CPU
		{0B0D3A72-25CB-4649-A74D-A5DA983E8294}.AppStore|x86.ActiveCfg = Release|Any CPU
		{0B0D3A72-25CB-4649-A74D-A5DA983E8294}.AppStore|x86.Build.0 = Release|Any CPU
		{0B0D3A72-25CB-4649-A74D-A5DA983E8294}.AppStore|x86.Deploy.0 = Release|Any CPU
		{0B0D3A72-25CB-4649-A74D-A5DA983E8294}.Debug|Any CPU.ActiveCfg = Debug|Any CPU
		{0B0D3A72-25CB-4649-A74D-A5DA983E8294}.Debug|Any CPU.Build.0 = Debug|Any CPU
		{0B0D3A72-25CB-4649-A74D-A5DA983E8294}.Debug|Any CPU.Deploy.0 = Debug|Any CPU
		{0B0D3A72-25CB-4649-A74D-A5DA983E8294}.Debug|ARM.ActiveCfg = Debug|Any CPU
		{0B0D3A72-25CB-4649-A74D-A5DA983E8294}.Debug|ARM.Build.0 = Debug|Any CPU
		{0B0D3A72-25CB-4649-A74D-A5DA983E8294}.Debug|ARM.Deploy.0 = Debug|Any CPU
		{0B0D3A72-25CB-4649-A74D-A5DA983E8294}.Debug|iPhone.ActiveCfg = Debug|Any CPU
		{0B0D3A72-25CB-4649-A74D-A5DA983E8294}.Debug|iPhone.Build.0 = Debug|Any CPU
		{0B0D3A72-25CB-4649-A74D-A5DA983E8294}.Debug|iPhone.Deploy.0 = Debug|Any CPU
		{0B0D3A72-25CB-4649-A74D-A5DA983E8294}.Debug|iPhoneSimulator.ActiveCfg = Debug|Any CPU
		{0B0D3A72-25CB-4649-A74D-A5DA983E8294}.Debug|iPhoneSimulator.Build.0 = Debug|Any CPU
		{0B0D3A72-25CB-4649-A74D-A5DA983E8294}.Debug|iPhoneSimulator.Deploy.0 = Debug|Any CPU
		{0B0D3A72-25CB-4649-A74D-A5DA983E8294}.Debug|x64.ActiveCfg = Debug|Any CPU
		{0B0D3A72-25CB-4649-A74D-A5DA983E8294}.Debug|x64.Build.0 = Debug|Any CPU
		{0B0D3A72-25CB-4649-A74D-A5DA983E8294}.Debug|x64.Deploy.0 = Debug|Any CPU
		{0B0D3A72-25CB-4649-A74D-A5DA983E8294}.Debug|x86.ActiveCfg = Debug|Any CPU
		{0B0D3A72-25CB-4649-A74D-A5DA983E8294}.Debug|x86.Build.0 = Debug|Any CPU
		{0B0D3A72-25CB-4649-A74D-A5DA983E8294}.Debug|x86.Deploy.0 = Debug|Any CPU
		{0B0D3A72-25CB-4649-A74D-A5DA983E8294}.Release|Any CPU.ActiveCfg = Release|Any CPU
		{0B0D3A72-25CB-4649-A74D-A5DA983E8294}.Release|Any CPU.Build.0 = Release|Any CPU
		{0B0D3A72-25CB-4649-A74D-A5DA983E8294}.Release|Any CPU.Deploy.0 = Release|Any CPU
		{0B0D3A72-25CB-4649-A74D-A5DA983E8294}.Release|ARM.ActiveCfg = Release|Any CPU
		{0B0D3A72-25CB-4649-A74D-A5DA983E8294}.Release|ARM.Build.0 = Release|Any CPU
		{0B0D3A72-25CB-4649-A74D-A5DA983E8294}.Release|ARM.Deploy.0 = Release|Any CPU
		{0B0D3A72-25CB-4649-A74D-A5DA983E8294}.Release|iPhone.ActiveCfg = Release|Any CPU
		{0B0D3A72-25CB-4649-A74D-A5DA983E8294}.Release|iPhone.Build.0 = Release|Any CPU
		{0B0D3A72-25CB-4649-A74D-A5DA983E8294}.Release|iPhone.Deploy.0 = Release|Any CPU
		{0B0D3A72-25CB-4649-A74D-A5DA983E8294}.Release|iPhoneSimulator.ActiveCfg = Release|Any CPU
		{0B0D3A72-25CB-4649-A74D-A5DA983E8294}.Release|iPhoneSimulator.Build.0 = Release|Any CPU
		{0B0D3A72-25CB-4649-A74D-A5DA983E8294}.Release|iPhoneSimulator.Deploy.0 = Release|Any CPU
		{0B0D3A72-25CB-4649-A74D-A5DA983E8294}.Release|x64.ActiveCfg = Release|Any CPU
		{0B0D3A72-25CB-4649-A74D-A5DA983E8294}.Release|x64.Build.0 = Release|Any CPU
		{0B0D3A72-25CB-4649-A74D-A5DA983E8294}.Release|x64.Deploy.0 = Release|Any CPU
		{0B0D3A72-25CB-4649-A74D-A5DA983E8294}.Release|x86.ActiveCfg = Release|Any CPU
		{0B0D3A72-25CB-4649-A74D-A5DA983E8294}.Release|x86.Build.0 = Release|Any CPU
		{0B0D3A72-25CB-4649-A74D-A5DA983E8294}.Release|x86.Deploy.0 = Release|Any CPU
		{E3C29B89-9067-4C98-82CD-08FCC62835C9}.Ad-Hoc|Any CPU.ActiveCfg = Release|x86
		{E3C29B89-9067-4C98-82CD-08FCC62835C9}.Ad-Hoc|Any CPU.Build.0 = Release|x86
		{E3C29B89-9067-4C98-82CD-08FCC62835C9}.Ad-Hoc|Any CPU.Deploy.0 = Release|x86
		{E3C29B89-9067-4C98-82CD-08FCC62835C9}.Ad-Hoc|ARM.ActiveCfg = Release|ARM
		{E3C29B89-9067-4C98-82CD-08FCC62835C9}.Ad-Hoc|ARM.Build.0 = Release|ARM
		{E3C29B89-9067-4C98-82CD-08FCC62835C9}.Ad-Hoc|ARM.Deploy.0 = Release|ARM
		{E3C29B89-9067-4C98-82CD-08FCC62835C9}.Ad-Hoc|iPhone.ActiveCfg = Release|x86
		{E3C29B89-9067-4C98-82CD-08FCC62835C9}.Ad-Hoc|iPhone.Build.0 = Release|x86
		{E3C29B89-9067-4C98-82CD-08FCC62835C9}.Ad-Hoc|iPhone.Deploy.0 = Release|x86
		{E3C29B89-9067-4C98-82CD-08FCC62835C9}.Ad-Hoc|iPhoneSimulator.ActiveCfg = Release|x86
		{E3C29B89-9067-4C98-82CD-08FCC62835C9}.Ad-Hoc|iPhoneSimulator.Build.0 = Release|x86
		{E3C29B89-9067-4C98-82CD-08FCC62835C9}.Ad-Hoc|iPhoneSimulator.Deploy.0 = Release|x86
		{E3C29B89-9067-4C98-82CD-08FCC62835C9}.Ad-Hoc|x64.ActiveCfg = Release|x64
		{E3C29B89-9067-4C98-82CD-08FCC62835C9}.Ad-Hoc|x64.Build.0 = Release|x64
		{E3C29B89-9067-4C98-82CD-08FCC62835C9}.Ad-Hoc|x64.Deploy.0 = Release|x64
		{E3C29B89-9067-4C98-82CD-08FCC62835C9}.Ad-Hoc|x86.ActiveCfg = Release|x86
		{E3C29B89-9067-4C98-82CD-08FCC62835C9}.Ad-Hoc|x86.Build.0 = Release|x86
		{E3C29B89-9067-4C98-82CD-08FCC62835C9}.Ad-Hoc|x86.Deploy.0 = Release|x86
		{E3C29B89-9067-4C98-82CD-08FCC62835C9}.AppStore|Any CPU.ActiveCfg = Release|x86
		{E3C29B89-9067-4C98-82CD-08FCC62835C9}.AppStore|Any CPU.Build.0 = Release|x86
		{E3C29B89-9067-4C98-82CD-08FCC62835C9}.AppStore|Any CPU.Deploy.0 = Release|x86
		{E3C29B89-9067-4C98-82CD-08FCC62835C9}.AppStore|ARM.ActiveCfg = Release|ARM
		{E3C29B89-9067-4C98-82CD-08FCC62835C9}.AppStore|ARM.Build.0 = Release|ARM
		{E3C29B89-9067-4C98-82CD-08FCC62835C9}.AppStore|ARM.Deploy.0 = Release|ARM
		{E3C29B89-9067-4C98-82CD-08FCC62835C9}.AppStore|iPhone.ActiveCfg = Release|x86
		{E3C29B89-9067-4C98-82CD-08FCC62835C9}.AppStore|iPhone.Build.0 = Release|x86
		{E3C29B89-9067-4C98-82CD-08FCC62835C9}.AppStore|iPhone.Deploy.0 = Release|x86
		{E3C29B89-9067-4C98-82CD-08FCC62835C9}.AppStore|iPhoneSimulator.ActiveCfg = Release|x86
		{E3C29B89-9067-4C98-82CD-08FCC62835C9}.AppStore|iPhoneSimulator.Build.0 = Release|x86
		{E3C29B89-9067-4C98-82CD-08FCC62835C9}.AppStore|iPhoneSimulator.Deploy.0 = Release|x86
		{E3C29B89-9067-4C98-82CD-08FCC62835C9}.AppStore|x64.ActiveCfg = Release|x64
		{E3C29B89-9067-4C98-82CD-08FCC62835C9}.AppStore|x64.Build.0 = Release|x64
		{E3C29B89-9067-4C98-82CD-08FCC62835C9}.AppStore|x64.Deploy.0 = Release|x64
		{E3C29B89-9067-4C98-82CD-08FCC62835C9}.AppStore|x86.ActiveCfg = Release|x86
		{E3C29B89-9067-4C98-82CD-08FCC62835C9}.AppStore|x86.Build.0 = Release|x86
		{E3C29B89-9067-4C98-82CD-08FCC62835C9}.AppStore|x86.Deploy.0 = Release|x86
		{E3C29B89-9067-4C98-82CD-08FCC62835C9}.Debug|Any CPU.ActiveCfg = Debug|x86
		{E3C29B89-9067-4C98-82CD-08FCC62835C9}.Debug|ARM.ActiveCfg = Debug|ARM
		{E3C29B89-9067-4C98-82CD-08FCC62835C9}.Debug|ARM.Build.0 = Debug|ARM
		{E3C29B89-9067-4C98-82CD-08FCC62835C9}.Debug|ARM.Deploy.0 = Debug|ARM
		{E3C29B89-9067-4C98-82CD-08FCC62835C9}.Debug|iPhone.ActiveCfg = Debug|x86
		{E3C29B89-9067-4C98-82CD-08FCC62835C9}.Debug|iPhoneSimulator.ActiveCfg = Debug|x86
		{E3C29B89-9067-4C98-82CD-08FCC62835C9}.Debug|x64.ActiveCfg = Debug|x64
		{E3C29B89-9067-4C98-82CD-08FCC62835C9}.Debug|x64.Build.0 = Debug|x64
		{E3C29B89-9067-4C98-82CD-08FCC62835C9}.Debug|x64.Deploy.0 = Debug|x64
		{E3C29B89-9067-4C98-82CD-08FCC62835C9}.Debug|x86.ActiveCfg = Debug|x86
		{E3C29B89-9067-4C98-82CD-08FCC62835C9}.Debug|x86.Build.0 = Debug|x86
		{E3C29B89-9067-4C98-82CD-08FCC62835C9}.Debug|x86.Deploy.0 = Debug|x86
		{E3C29B89-9067-4C98-82CD-08FCC62835C9}.Release|Any CPU.ActiveCfg = Release|x86
		{E3C29B89-9067-4C98-82CD-08FCC62835C9}.Release|ARM.ActiveCfg = Release|ARM
		{E3C29B89-9067-4C98-82CD-08FCC62835C9}.Release|ARM.Build.0 = Release|ARM
		{E3C29B89-9067-4C98-82CD-08FCC62835C9}.Release|ARM.Deploy.0 = Release|ARM
		{E3C29B89-9067-4C98-82CD-08FCC62835C9}.Release|iPhone.ActiveCfg = Release|x86
		{E3C29B89-9067-4C98-82CD-08FCC62835C9}.Release|iPhoneSimulator.ActiveCfg = Release|x86
		{E3C29B89-9067-4C98-82CD-08FCC62835C9}.Release|x64.ActiveCfg = Release|x64
		{E3C29B89-9067-4C98-82CD-08FCC62835C9}.Release|x64.Build.0 = Release|x64
		{E3C29B89-9067-4C98-82CD-08FCC62835C9}.Release|x64.Deploy.0 = Release|x64
		{E3C29B89-9067-4C98-82CD-08FCC62835C9}.Release|x86.ActiveCfg = Release|x86
		{E3C29B89-9067-4C98-82CD-08FCC62835C9}.Release|x86.Build.0 = Release|x86
		{E3C29B89-9067-4C98-82CD-08FCC62835C9}.Release|x86.Deploy.0 = Release|x86
		{86567AA4-D5A2-4264-86C8-0A3166FBE988}.Ad-Hoc|Any CPU.ActiveCfg = Ad-Hoc|iPhone
		{86567AA4-D5A2-4264-86C8-0A3166FBE988}.Ad-Hoc|ARM.ActiveCfg = Ad-Hoc|iPhone
		{86567AA4-D5A2-4264-86C8-0A3166FBE988}.Ad-Hoc|iPhone.ActiveCfg = Ad-Hoc|iPhone
		{86567AA4-D5A2-4264-86C8-0A3166FBE988}.Ad-Hoc|iPhone.Build.0 = Ad-Hoc|iPhone
		{86567AA4-D5A2-4264-86C8-0A3166FBE988}.Ad-Hoc|iPhoneSimulator.ActiveCfg = Ad-Hoc|iPhoneSimulator
		{86567AA4-D5A2-4264-86C8-0A3166FBE988}.Ad-Hoc|iPhoneSimulator.Build.0 = Ad-Hoc|iPhoneSimulator
		{86567AA4-D5A2-4264-86C8-0A3166FBE988}.Ad-Hoc|x64.ActiveCfg = Ad-Hoc|iPhone
		{86567AA4-D5A2-4264-86C8-0A3166FBE988}.Ad-Hoc|x86.ActiveCfg = Ad-Hoc|iPhone
		{86567AA4-D5A2-4264-86C8-0A3166FBE988}.AppStore|Any CPU.ActiveCfg = AppStore|iPhone
		{86567AA4-D5A2-4264-86C8-0A3166FBE988}.AppStore|ARM.ActiveCfg = AppStore|iPhone
		{86567AA4-D5A2-4264-86C8-0A3166FBE988}.AppStore|iPhone.ActiveCfg = AppStore|iPhone
		{86567AA4-D5A2-4264-86C8-0A3166FBE988}.AppStore|iPhone.Build.0 = AppStore|iPhone
		{86567AA4-D5A2-4264-86C8-0A3166FBE988}.AppStore|iPhoneSimulator.ActiveCfg = AppStore|iPhoneSimulator
		{86567AA4-D5A2-4264-86C8-0A3166FBE988}.AppStore|iPhoneSimulator.Build.0 = AppStore|iPhoneSimulator
		{86567AA4-D5A2-4264-86C8-0A3166FBE988}.AppStore|x64.ActiveCfg = AppStore|iPhone
		{86567AA4-D5A2-4264-86C8-0A3166FBE988}.AppStore|x86.ActiveCfg = AppStore|iPhone
		{86567AA4-D5A2-4264-86C8-0A3166FBE988}.Debug|Any CPU.ActiveCfg = Debug|iPhone
		{86567AA4-D5A2-4264-86C8-0A3166FBE988}.Debug|ARM.ActiveCfg = Debug|iPhone
		{86567AA4-D5A2-4264-86C8-0A3166FBE988}.Debug|iPhone.ActiveCfg = Debug|iPhone
		{86567AA4-D5A2-4264-86C8-0A3166FBE988}.Debug|iPhone.Build.0 = Debug|iPhone
		{86567AA4-D5A2-4264-86C8-0A3166FBE988}.Debug|iPhoneSimulator.ActiveCfg = Debug|iPhoneSimulator
		{86567AA4-D5A2-4264-86C8-0A3166FBE988}.Debug|iPhoneSimulator.Build.0 = Debug|iPhoneSimulator
		{86567AA4-D5A2-4264-86C8-0A3166FBE988}.Debug|x64.ActiveCfg = Debug|iPhone
		{86567AA4-D5A2-4264-86C8-0A3166FBE988}.Debug|x86.ActiveCfg = Debug|iPhone
		{86567AA4-D5A2-4264-86C8-0A3166FBE988}.Release|Any CPU.ActiveCfg = Release|iPhone
		{86567AA4-D5A2-4264-86C8-0A3166FBE988}.Release|ARM.ActiveCfg = Release|iPhone
		{86567AA4-D5A2-4264-86C8-0A3166FBE988}.Release|iPhone.ActiveCfg = Release|iPhone
		{86567AA4-D5A2-4264-86C8-0A3166FBE988}.Release|iPhone.Build.0 = Release|iPhone
		{86567AA4-D5A2-4264-86C8-0A3166FBE988}.Release|iPhoneSimulator.ActiveCfg = Release|iPhoneSimulator
		{86567AA4-D5A2-4264-86C8-0A3166FBE988}.Release|iPhoneSimulator.Build.0 = Release|iPhoneSimulator
		{86567AA4-D5A2-4264-86C8-0A3166FBE988}.Release|x64.ActiveCfg = Release|iPhone
		{86567AA4-D5A2-4264-86C8-0A3166FBE988}.Release|x86.ActiveCfg = Release|iPhone
		{8A69FC97-657A-4B47-9C06-FAC0D7ECBF9D}.Ad-Hoc|Any CPU.ActiveCfg = Debug|Any CPU
		{8A69FC97-657A-4B47-9C06-FAC0D7ECBF9D}.Ad-Hoc|Any CPU.Build.0 = Debug|Any CPU
		{8A69FC97-657A-4B47-9C06-FAC0D7ECBF9D}.Ad-Hoc|ARM.ActiveCfg = Debug|Any CPU
		{8A69FC97-657A-4B47-9C06-FAC0D7ECBF9D}.Ad-Hoc|ARM.Build.0 = Debug|Any CPU
		{8A69FC97-657A-4B47-9C06-FAC0D7ECBF9D}.Ad-Hoc|iPhone.ActiveCfg = Debug|Any CPU
		{8A69FC97-657A-4B47-9C06-FAC0D7ECBF9D}.Ad-Hoc|iPhone.Build.0 = Debug|Any CPU
		{8A69FC97-657A-4B47-9C06-FAC0D7ECBF9D}.Ad-Hoc|iPhoneSimulator.ActiveCfg = Debug|Any CPU
		{8A69FC97-657A-4B47-9C06-FAC0D7ECBF9D}.Ad-Hoc|iPhoneSimulator.Build.0 = Debug|Any CPU
		{8A69FC97-657A-4B47-9C06-FAC0D7ECBF9D}.Ad-Hoc|x64.ActiveCfg = Debug|Any CPU
		{8A69FC97-657A-4B47-9C06-FAC0D7ECBF9D}.Ad-Hoc|x64.Build.0 = Debug|Any CPU
		{8A69FC97-657A-4B47-9C06-FAC0D7ECBF9D}.Ad-Hoc|x86.ActiveCfg = Debug|Any CPU
		{8A69FC97-657A-4B47-9C06-FAC0D7ECBF9D}.Ad-Hoc|x86.Build.0 = Debug|Any CPU
		{8A69FC97-657A-4B47-9C06-FAC0D7ECBF9D}.AppStore|Any CPU.ActiveCfg = Debug|Any CPU
		{8A69FC97-657A-4B47-9C06-FAC0D7ECBF9D}.AppStore|Any CPU.Build.0 = Debug|Any CPU
		{8A69FC97-657A-4B47-9C06-FAC0D7ECBF9D}.AppStore|ARM.ActiveCfg = Debug|Any CPU
		{8A69FC97-657A-4B47-9C06-FAC0D7ECBF9D}.AppStore|ARM.Build.0 = Debug|Any CPU
		{8A69FC97-657A-4B47-9C06-FAC0D7ECBF9D}.AppStore|iPhone.ActiveCfg = Debug|Any CPU
		{8A69FC97-657A-4B47-9C06-FAC0D7ECBF9D}.AppStore|iPhone.Build.0 = Debug|Any CPU
		{8A69FC97-657A-4B47-9C06-FAC0D7ECBF9D}.AppStore|iPhoneSimulator.ActiveCfg = Debug|Any CPU
		{8A69FC97-657A-4B47-9C06-FAC0D7ECBF9D}.AppStore|iPhoneSimulator.Build.0 = Debug|Any CPU
		{8A69FC97-657A-4B47-9C06-FAC0D7ECBF9D}.AppStore|x64.ActiveCfg = Debug|Any CPU
		{8A69FC97-657A-4B47-9C06-FAC0D7ECBF9D}.AppStore|x64.Build.0 = Debug|Any CPU
		{8A69FC97-657A-4B47-9C06-FAC0D7ECBF9D}.AppStore|x86.ActiveCfg = Debug|Any CPU
		{8A69FC97-657A-4B47-9C06-FAC0D7ECBF9D}.AppStore|x86.Build.0 = Debug|Any CPU
		{8A69FC97-657A-4B47-9C06-FAC0D7ECBF9D}.Debug|Any CPU.ActiveCfg = Debug|Any CPU
		{8A69FC97-657A-4B47-9C06-FAC0D7ECBF9D}.Debug|Any CPU.Build.0 = Debug|Any CPU
		{8A69FC97-657A-4B47-9C06-FAC0D7ECBF9D}.Debug|ARM.ActiveCfg = Debug|Any CPU
		{8A69FC97-657A-4B47-9C06-FAC0D7ECBF9D}.Debug|ARM.Build.0 = Debug|Any CPU
		{8A69FC97-657A-4B47-9C06-FAC0D7ECBF9D}.Debug|iPhone.ActiveCfg = Debug|Any CPU
		{8A69FC97-657A-4B47-9C06-FAC0D7ECBF9D}.Debug|iPhone.Build.0 = Debug|Any CPU
		{8A69FC97-657A-4B47-9C06-FAC0D7ECBF9D}.Debug|iPhoneSimulator.ActiveCfg = Debug|Any CPU
		{8A69FC97-657A-4B47-9C06-FAC0D7ECBF9D}.Debug|iPhoneSimulator.Build.0 = Debug|Any CPU
		{8A69FC97-657A-4B47-9C06-FAC0D7ECBF9D}.Debug|x64.ActiveCfg = Debug|Any CPU
		{8A69FC97-657A-4B47-9C06-FAC0D7ECBF9D}.Debug|x64.Build.0 = Debug|Any CPU
		{8A69FC97-657A-4B47-9C06-FAC0D7ECBF9D}.Debug|x86.ActiveCfg = Debug|Any CPU
		{8A69FC97-657A-4B47-9C06-FAC0D7ECBF9D}.Debug|x86.Build.0 = Debug|Any CPU
		{8A69FC97-657A-4B47-9C06-FAC0D7ECBF9D}.Release|Any CPU.ActiveCfg = Release|Any CPU
		{8A69FC97-657A-4B47-9C06-FAC0D7ECBF9D}.Release|Any CPU.Build.0 = Release|Any CPU
		{8A69FC97-657A-4B47-9C06-FAC0D7ECBF9D}.Release|ARM.ActiveCfg = Release|Any CPU
		{8A69FC97-657A-4B47-9C06-FAC0D7ECBF9D}.Release|ARM.Build.0 = Release|Any CPU
		{8A69FC97-657A-4B47-9C06-FAC0D7ECBF9D}.Release|iPhone.ActiveCfg = Release|Any CPU
		{8A69FC97-657A-4B47-9C06-FAC0D7ECBF9D}.Release|iPhone.Build.0 = Release|Any CPU
		{8A69FC97-657A-4B47-9C06-FAC0D7ECBF9D}.Release|iPhoneSimulator.ActiveCfg = Release|Any CPU
		{8A69FC97-657A-4B47-9C06-FAC0D7ECBF9D}.Release|iPhoneSimulator.Build.0 = Release|Any CPU
		{8A69FC97-657A-4B47-9C06-FAC0D7ECBF9D}.Release|x64.ActiveCfg = Release|Any CPU
		{8A69FC97-657A-4B47-9C06-FAC0D7ECBF9D}.Release|x64.Build.0 = Release|Any CPU
		{8A69FC97-657A-4B47-9C06-FAC0D7ECBF9D}.Release|x86.ActiveCfg = Release|Any CPU
		{8A69FC97-657A-4B47-9C06-FAC0D7ECBF9D}.Release|x86.Build.0 = Release|Any CPU
	EndGlobalSection
	GlobalSection(SolutionProperties) = preSolution
		HideSolutionNode = FALSE
	EndGlobalSection
	GlobalSection(ExtensibilityGlobals) = postSolution
		SolutionGuid = {890FB326-59DA-4EFF-B044-D0235755B5CE}
	EndGlobalSection
EndGlobal
